
Microsoft Visual Studio Solution File, Format Version 12.00
# Visual Studio Version 17
VisualStudioVersion = 17.4.33213.308
MinimumVisualStudioVersion = 10.0.40219.1
Project("{FAE04EC0-301F-11D3-BF4B-00C04F79EFBC}") = "Kitaplik", "Kitaplik\Kitaplik.csproj", "{C967574A-6364-490E-8015-BE38A56A02CC}"
EndProject
Global
	GlobalSection(SolutionConfigurationPlatforms) = preSolution
		Debug|Any CPU = Debug|Any CPU
		Release|Any CPU = Release|Any CPU
	EndGlobalSection
	GlobalSection(ProjectConfigurationPlatforms) = postSolution
		{C967574A-6364-490E-8015-BE38A56A02CC}.Debug|Any CPU.ActiveCfg = Debug|Any CPU
		{C967574A-6364-490E-8015-BE38A56A02CC}.Debug|Any CPU.Build.0 = Debug|Any CPU
		{C967574A-6364-490E-8015-BE38A56A02CC}.Release|Any CPU.ActiveCfg = Release|Any CPU
		{C967574A-6364-490E-8015-BE38A56A02CC}.Release|Any CPU.Build.0 = Release|Any CPU
	EndGlobalSection
	GlobalSection(SolutionProperties) = preSolution
		HideSolutionNode = FALSE
	EndGlobalSection
	GlobalSection(ExtensibilityGlobals) = postSolution
		SolutionGuid = {B654732C-A5B5-4318-B40A-009A38D94978}
	EndGlobalSection
EndGlobal
